
Microsoft Visual Studio Solution File, Format Version 12.00
Project("{FAE04EC0-301F-11D3-BF4B-00C04F79EFBC}") = "aoc2024.17", "aoc2024.17.csproj", "{EB807F00-A5EC-4AF7-8B6A-079B7B40A544}"
EndProject
Global
	GlobalSection(SolutionConfigurationPlatforms) = preSolution
		Debug|Any CPU = Debug|Any CPU
		Release|Any CPU = Release|Any CPU
	EndGlobalSection
	GlobalSection(ProjectConfigurationPlatforms) = postSolution
		{EB807F00-A5EC-4AF7-8B6A-079B7B40A544}.Debug|Any CPU.ActiveCfg = Debug|Any CPU
		{EB807F00-A5EC-4AF7-8B6A-079B7B40A544}.Debug|Any CPU.Build.0 = Debug|Any CPU
		{EB807F00-A5EC-4AF7-8B6A-079B7B40A544}.Release|Any CPU.ActiveCfg = Release|Any CPU
		{EB807F00-A5EC-4AF7-8B6A-079B7B40A544}.Release|Any CPU.Build.0 = Release|Any CPU
	EndGlobalSection
EndGlobal
